
Microsoft Visual Studio Solution File, Format Version 12.00
# Visual Studio 15
VisualStudioVersion = 15.0.28010.2048
MinimumVisualStudioVersion = 10.0.40219.1
Project("{FAE04EC0-301F-11D3-BF4B-00C04F79EFBC}") = "BiblickyGenerator", "BiblickyGenerator\BiblickyGenerator.csproj", "{7413826F-9530-4F2C-9669-A8CABBFC270E}"
EndProject
Global
	GlobalSection(SolutionConfigurationPlatforms) = preSolution
		Debug|Any CPU = Debug|Any CPU
		Release|Any CPU = Release|Any CPU
	EndGlobalSection
	GlobalSection(ProjectConfigurationPlatforms) = postSolution
		{7413826F-9530-4F2C-9669-A8CABBFC270E}.Debug|Any CPU.ActiveCfg = Debug|Any CPU
		{7413826F-9530-4F2C-9669-A8CABBFC270E}.Debug|Any CPU.Build.0 = Debug|Any CPU
		{7413826F-9530-4F2C-9669-A8CABBFC270E}.Release|Any CPU.ActiveCfg = Release|Any CPU
		{7413826F-9530-4F2C-9669-A8CABBFC270E}.Release|Any CPU.Build.0 = Release|Any CPU
	EndGlobalSection
	GlobalSection(SolutionProperties) = preSolution
		HideSolutionNode = FALSE
	EndGlobalSection
	GlobalSection(ExtensibilityGlobals) = postSolution
		SolutionGuid = {024DE1DA-7E5A-4B12-8EE7-ECECED90475E}
	EndGlobalSection
EndGlobal
